
Microsoft Visual Studio Solution File, Format Version 12.00
# Visual Studio Version 17
VisualStudioVersion = 17.4.33403.182
MinimumVisualStudioVersion = 10.0.40219.1
Project("{FAE04EC0-301F-11D3-BF4B-00C04F79EFBC}") = "Prod Tools", "Prod Tools.csproj", "{E4D7C54F-85DD-4553-AD44-F2492331AFAD}"
EndProject
Global
	GlobalSection(SolutionConfigurationPlatforms) = preSolution
		Debug|Any CPU = Debug|Any CPU
		Release|Any CPU = Release|Any CPU
	EndGlobalSection
	GlobalSection(ProjectConfigurationPlatforms) = postSolution
		{E4D7C54F-85DD-4553-AD44-F2492331AFAD}.Debug|Any CPU.ActiveCfg = Debug|Any CPU
		{E4D7C54F-85DD-4553-AD44-F2492331AFAD}.Debug|Any CPU.Build.0 = Debug|Any CPU
		{E4D7C54F-85DD-4553-AD44-F2492331AFAD}.Release|Any CPU.ActiveCfg = Release|Any CPU
		{E4D7C54F-85DD-4553-AD44-F2492331AFAD}.Release|Any CPU.Build.0 = Release|Any CPU
	EndGlobalSection
	GlobalSection(SolutionProperties) = preSolution
		HideSolutionNode = FALSE
	EndGlobalSection
	GlobalSection(ExtensibilityGlobals) = postSolution
		SolutionGuid = {3A55EAF4-25DF-4803-BE78-8F80B86432D7}
	EndGlobalSection
EndGlobal
